{
  "requires": true,
  "lockfileVersion": 1,
  "dependencies": {
    "vee-validate": {
      "version": "2.1.0-beta.8",
      "resolved": "https://registry.npmjs.org/vee-validate/-/vee-validate-2.1.0-beta.8.tgz",
      "integrity": "sha512-kebM06EKj0VYvkX5wa7iD2alZIBPEHrIcNtMf3GdGQ+fvaG5FeSC5vXQxXRmmAPdDIoeOxyjAKqLZZvU5cy0RQ=="
    },
    "vue-router": {
      "version": "3.0.1",
      "resolved": "https://registry.npmjs.org/vue-router/-/vue-router-3.0.1.tgz",
      "integrity": "sha512-vLLoY452L+JBpALMP5UHum9+7nzR9PeIBCghU9ZtJ1eWm6ieUI8Zb/DI3MYxH32bxkjzYV1LRjNv4qr8d+uX/w=="
    }
  }
}
